// !$*UTF8*$!
{
	archiveVersion = 1;
	classes = {
	};
	objectVersion = 46;
	objects = {

/* Begin PBXBuildFile section */
		AFA81C0C1ADAA5540010F151 /* main.m in Sources */ = {isa = PBXBuildFile; fileRef = AFA81C0B1ADAA5540010F151 /* main.m */; };
		AFA81C0F1ADAA5540010F151 /* AppDelegate.m in Sources */ = {isa = PBXBuildFile; fileRef = AFA81C0E1ADAA5540010F151 /* AppDelegate.m */; };
		AFA81C121ADAA5540010F151 /* ViewController.m in Sources */ = {isa = PBXBuildFile; fileRef = AFA81C111ADAA5540010F151 /* ViewController.m */; };
		AFA81C151ADAA5540010F151 /* Main.storyboard in Resources */ = {isa = PBXBuildFile; fileRef = AFA81C131ADAA5540010F151 /* Main.storyboard */; };
		AFA81C171ADAA5540010F151 /* Images.xcassets in Resources */ = {isa = PBXBuildFile; fileRef = AFA81C161ADAA5540010F151 /* Images.xcassets */; };
		AFA81C1A1ADAA5540010F151 /* LaunchScreen.xib in Resources */ = {isa = PBXBuildFile; fileRef = AFA81C181ADAA5540010F151 /* LaunchScreen.xib */; };
		AFA81C261ADAA5540010F151 /* SBTimerTests.m in Sources */ = {isa = PBXBuildFile; fileRef = AFA81C251ADAA5540010F151 /* SBTimerTests.m */; };
/* End PBXBuildFile section */

/* Begin PBXContainerItemProxy section */
		AFA81C201ADAA5540010F151 /* PBXContainerItemProxy */ = {
			isa = PBXContainerItemProxy;
			containerPortal = AFA81BFE1ADAA5530010F151 /* Project object */;
			proxyType = 1;
			remoteGlobalIDString = AFA81C051ADAA5530010F151;
			remoteInfo = SBTimer;
		};
/* End PBXContainerItemProxy section */

/* Begin PBXFileReference section */
		AFA81C061ADAA5530010F151 /* SBTimer.app */ = {isa = PBXFileReference; explicitFileType = wrapper.application; includeInIndex = 0; path = SBTimer.app; sourceTree = BUILT_PRODUCTS_DIR; };
		AFA81C0A1ADAA5540010F151 /* Info.plist */ = {isa = PBXFileReference; lastKnownFileType = text.plist.xml; path = Info.plist; sourceTree = "<group>"; };
		AFA81C0B1ADAA5540010F151 /* main.m */ = {isa = PBXFileReference; lastKnownFileType = sourcecode.c.objc; path = main.m; sourceTree = "<group>"; };
		AFA81C0D1ADAA5540010F151 /* AppDelegate.h */ = {isa = PBXFileReference; lastKnownFileType = sourcecode.c.h; path = AppDelegate.h; sourceTree = "<group>"; };
		AFA81C0E1ADAA5540010F151 /* AppDelegate.m */ = {isa = PBXFileReference; lastKnownFileType = sourcecode.c.objc; path = AppDelegate.m; sourceTree = "<group>"; };
		AFA81C101ADAA5540010F151 /* ViewController.h */ = {isa = PBXFileReference; lastKnownFileType = sourcecode.c.h; path = ViewController.h; sourceTree = "<group>"; };
		AFA81C111ADAA5540010F151 /* ViewController.m */ = {isa = PBXFileReference; lastKnownFileType = sourcecode.c.objc; path = ViewController.m; sourceTree = "<group>"; };
		AFA81C141ADAA5540010F151 /* Base */ = {isa = PBXFileReference; lastKnownFileType = file.storyboard; name = Base; path = Base.lproj/Main.storyboard; sourceTree = "<group>"; };
		AFA81C161ADAA5540010F151 /* Images.xcassets */ = {isa = PBXFileReference; lastKnownFileType = folder.assetcatalog; path = Images.xcassets; sourceTree = "<group>"; };
		AFA81C191ADAA5540010F151 /* Base */ = {isa = PBXFileReference; lastKnownFileType = file.xib; name = Base; path = Base.lproj/LaunchScreen.xib; sourceTree = "<group>"; };
		AFA81C1F1ADAA5540010F151 /* SBTimerTests.xctest */ = {isa = PBXFileReference; explicitFileType = wrapper.cfbundle; includeInIndex = 0; path = SBTimerTests.xctest; sourceTree = BUILT_PRODUCTS_DIR; };
		AFA81C241ADAA5540010F151 /* Info.plist */ = {isa = PBXFileReference; lastKnownFileType = text.plist.xml; path = Info.plist; sourceTree = "<group>"; };
		AFA81C251ADAA5540010F151 /* SBTimerTests.m */ = {isa = PBXFileReference; lastKnownFileType = sourcecode.c.objc; path = SBTimerTests.m; sourceTree = "<group>"; };
/* End PBXFileReference section */

/* Begin PBXFrameworksBuildPhase section */
		AFA81C031ADAA5530010F151 /* Frameworks */ = {
			isa = PBXFrameworksBuildPhase;
			buildActionMask = 2147483647;
			files = (
			);
			runOnlyForDeploymentPostprocessing = 0;
		};
		AFA81C1C1ADAA5540010F151 /* Frameworks */ = {
			isa = PBXFrameworksBuildPhase;
			buildActionMask = 2147483647;
			files = (
			);
			runOnlyForDeploymentPostprocessing = 0;
		};
/* End PBXFrameworksBuildPhase section */

/* Begin PBXGroup section */
		AFA81BFD1ADAA5530010F151 = {
			isa = PBXGroup;
			children = (
				AFA81C081ADAA5530010F151 /* SBTimer */,
				AFA81C221ADAA5540010F151 /* SBTimerTests */,
				AFA81C071ADAA5530010F151 /* Products */,
			);
			sourceTree = "<group>";
		};
		AFA81C071ADAA5530010F151 /* Products */ = {
			isa = PBXGroup;
			children = (
				AFA81C061ADAA5530010F151 /* SBTimer.app */,
				AFA81C1F1ADAA5540010F151 /* SBTimerTests.xctest */,
			);
			name = Products;
			sourceTree = "<group>";
		};
		AFA81C081ADAA5530010F151 /* SBTimer */ = {
			isa = PBXGroup;
			children = (
				AFA81C0D1ADAA5540010F151 /* AppDelegate.h */,
				AFA81C0E1ADAA5540010F151 /* AppDelegate.m */,
				AFA81C101ADAA5540010F151 /* ViewController.h */,
				AFA81C111ADAA5540010F151 /* ViewController.m */,
				AFA81C131ADAA5540010F151 /* Main.storyboard */,
				AFA81C161ADAA5540010F151 /* Images.xcassets */,
				AFA81C181ADAA5540010F151 /* LaunchScreen.xib */,
				AFA81C091ADAA5540010F151 /* Supporting Files */,
			);
			path = SBTimer;
			sourceTree = "<group>";
		};
		AFA81C091ADAA5540010F151 /* Supporting Files */ = {
			isa = PBXGroup;
			children = (
				AFA81C0A1ADAA5540010F151 /* Info.plist */,
				AFA81C0B1ADAA5540010F151 /* main.m */,
			);
			name = "Supporting Files";
			sourceTree = "<group>";
		};
		AFA81C221ADAA5540010F151 /* SBTimerTests */ = {
			isa = PBXGroup;
			children = (
				AFA81C251ADAA5540010F151 /* SBTimerTests.m */,
				AFA81C231ADAA5540010F151 /* Supporting Files */,
			);
			path = SBTimerTests;
			sourceTree = "<group>";
		};
		AFA81C231ADAA5540010F151 /* Supporting Files */ = {
			isa = PBXGroup;
			children = (
				AFA81C241ADAA5540010F151 /* Info.plist */,
			);
			name = "Supporting Files";
			sourceTree = "<group>";
		};
/* End PBXGroup section */

/* Begin PBXNativeTarget section */
		AFA81C051ADAA5530010F151 /* SBTimer */ = {
			isa = PBXNativeTarget;
			buildConfigurationList = AFA81C291ADAA5540010F151 /* Build configuration list for PBXNativeTarget "SBTimer" */;
			buildPhases = (
				AFA81C021ADAA5530010F151 /* Sources */,
				AFA81C031ADAA5530010F151 /* Frameworks */,
				AFA81C041ADAA5530010F151 /* Resources */,
			);
			buildRules = (
			);
			dependencies = (
			);
			name = SBTimer;
			productName = SBTimer;
			productReference = AFA81C061ADAA5530010F151 /* SBTimer.app */;
			productType = "com.apple.product-type.application";
		};
		AFA81C1E1ADAA5540010F151 /* SBTimerTests */ = {
			isa = PBXNativeTarget;
			buildConfigurationList = AFA81C2C1ADAA5540010F151 /* Build configuration list for PBXNativeTarget "SBTimerTests" */;
			buildPhases = (
				AFA81C1B1ADAA5540010F151 /* Sources */,
				AFA81C1C1ADAA5540010F151 /* Frameworks */,
				AFA81C1D1ADAA5540010F151 /* Resources */,
			);
			buildRules = (
			);
			dependencies = (
				AFA81C211ADAA5540010F151 /* PBXTargetDependency */,
			);
			name = SBTimerTests;
			productName = SBTimerTests;
			productReference = AFA81C1F1ADAA5540010F151 /* SBTimerTests.xctest */;
			productType = "com.apple.product-type.bundle.unit-test";
		};
/* End PBXNativeTarget section */

/* Begin PBXProject section */
		AFA81BFE1ADAA5530010F151 /* Project object */ = {
			isa = PBXProject;
			attributes = {
				LastUpgradeCheck = 0620;
				ORGANIZATIONNAME = net.masuhara;
				TargetAttributes = {
					AFA81C051ADAA5530010F151 = {
						CreatedOnToolsVersion = 6.2;
					};
					AFA81C1E1ADAA5540010F151 = {
						CreatedOnToolsVersion = 6.2;
						TestTargetID = AFA81C051ADAA5530010F151;
					};
				};
			};
			buildConfigurationList = AFA81C011ADAA5530010F151 /* Build configuration list for PBXProject "SBTimer" */;
			compatibilityVersion = "Xcode 3.2";
			developmentRegion = English;
			hasScannedForEncodings = 0;
			knownRegions = (
				en,
				Base,
			);
			mainGroup = AFA81BFD1ADAA5530010F151;
			productRefGroup = AFA81C071ADAA5530010F151 /* Products */;
			projectDirPath = "";
			projectRoot = "";
			targets = (
				AFA81C051ADAA5530010F151 /* SBTimer */,
				AFA81C1E1ADAA5540010F151 /* SBTimerTests */,
			);
		};
/* End PBXProject section */

/* Begin PBXResourcesBuildPhase section */
		AFA81C041ADAA5530010F151 /* Resources */ = {
			isa = PBXResourcesBuildPhase;
			buildActionMask = 2147483647;
			files = (
				AFA81C151ADAA5540010F151 /* Main.storyboard in Resources */,
				AFA81C1A1ADAA5540010F151 /* LaunchScreen.xib in Resources */,
				AFA81C171ADAA5540010F151 /* Images.xcassets in Resources */,
			);
			runOnlyForDeploymentPostprocessing = 0;
		};
		AFA81C1D1ADAA5540010F151 /* Resources */ = {
			isa = PBXResourcesBuildPhase;
			buildActionMask = 2147483647;
			files = (
			);
			runOnlyForDeploymentPostprocessing = 0;
		};
/* End PBXResourcesBuildPhase section */

/* Begin PBXSourcesBuildPhase section */
		AFA81C021ADAA5530010F151 /* Sources */ = {
			isa = PBXSourcesBuildPhase;
			buildActionMask = 2147483647;
			files = (
				AFA81C121ADAA5540010F151 /* ViewController.m in Sources */,
				AFA81C0F1ADAA5540010F151 /* AppDelegate.m in Sources */,
				AFA81C0C1ADAA5540010F151 /* main.m in Sources */,
			);
			runOnlyForDeploymentPostprocessing = 0;
		};
		AFA81C1B1ADAA5540010F151 /* Sources */ = {
			isa = PBXSourcesBuildPhase;
			buildActionMask = 2147483647;
			files = (
				AFA81C261ADAA5540010F151 /* SBTimerTests.m in Sources */,
			);
			runOnlyForDeploymentPostprocessing = 0;
		};
/* End PBXSourcesBuildPhase section */

/* Begin PBXTargetDependency section */
		AFA81C211ADAA5540010F151 /* PBXTargetDependency */ = {
			isa = PBXTargetDependency;
			target = AFA81C051ADAA5530010F151 /* SBTimer */;
			targetProxy = AFA81C201ADAA5540010F151 /* PBXContainerItemProxy */;
		};
/* End PBXTargetDependency section */

/* Begin PBXVariantGroup section */
		AFA81C131ADAA5540010F151 /* Main.storyboard */ = {
			isa = PBXVariantGroup;
			children = (
				AFA81C141ADAA5540010F151 /* Base */,
			);
			name = Main.storyboard;
			sourceTree = "<group>";
		};
		AFA81C181ADAA5540010F151 /* LaunchScreen.xib */ = {
			isa = PBXVariantGroup;
			children = (
				AFA81C191ADAA5540010F151 /* Base */,
			);
			name = LaunchScreen.xib;
			sourceTree = "<group>";
		};
/* End PBXVariantGroup section */

/* Begin XCBuildConfiguration section */
		AFA81C271ADAA5540010F151 /* Debug */ = {
			isa = XCBuildConfiguration;
			buildSettings = {
				ALWAYS_SEARCH_USER_PATHS = NO;
				CLANG_CXX_LANGUAGE_STANDARD = "gnu++0x";
				CLANG_CXX_LIBRARY = "libc++";
				CLANG_ENABLE_MODULES = YES;
				CLANG_ENABLE_OBJC_ARC = YES;
				CLANG_WARN_BOOL_CONVERSION = YES;
				CLANG_WARN_CONSTANT_CONVERSION = YES;
				CLANG_WARN_DIRECT_OBJC_ISA_USAGE = YES_ERROR;
				CLANG_WARN_EMPTY_BODY = YES;
				CLANG_WARN_ENUM_CONVERSION = YES;
				CLANG_WARN_INT_CONVERSION = YES;
				CLANG_WARN_OBJC_ROOT_CLASS = YES_ERROR;
				CLANG_WARN_UNREACHABLE_CODE = YES;
				CLANG_WARN__DUPLICATE_METHOD_MATCH = YES;
				"CODE_SIGN_IDENTITY[sdk=iphoneos*]" = "iPhone Developer";
				COPY_PHASE_STRIP = NO;
				ENABLE_STRICT_OBJC_MSGSEND = YES;
				GCC_C_LANGUAGE_STANDARD = gnu99;
				GCC_DYNAMIC_NO_PIC = NO;
				GCC_OPTIMIZATION_LEVEL = 0;
				GCC_PREPROCESSOR_DEFINITIONS = (
					"DEBUG=1",
					"$(inherited)",
				);
				GCC_SYMBOLS_PRIVATE_EXTERN = NO;
				GCC_WARN_64_TO_32_BIT_CONVERSION = YES;
				GCC_WARN_ABOUT_RETURN_TYPE = YES_ERROR;
				GCC_WARN_UNDECLARED_SELECTOR = YES;
				GCC_WARN_UNINITIALIZED_AUTOS = YES_AGGRESSIVE;
				GCC_WARN_UNUSED_FUNCTION = YES;
				GCC_WARN_UNUSED_VARIABLE = YES;
				IPHONEOS_DEPLOYMENT_TARGET = 8.2;
				MTL_ENABLE_DEBUG_INFO = YES;
				ONLY_ACTIVE_ARCH = YES;
				SDKROOT = iphoneos;
			};
			name = Debug;
		};
		AFA81C281ADAA5540010F151 /* Release */ = {
			isa = XCBuildConfiguration;
			buildSettings = {
				ALWAYS_SEARCH_USER_PATHS = NO;
				CLANG_CXX_LANGUAGE_STANDARD = "gnu++0x";
				CLANG_CXX_LIBRARY = "libc++";
				CLANG_ENABLE_MODULES = YES;
				CLANG_ENABLE_OBJC_ARC = YES;
				CLANG_WARN_BOOL_CONVERSION = YES;
				CLANG_WARN_CONSTANT_CONVERSION = YES;
				CLANG_WARN_DIRECT_OBJC_ISA_USAGE = YES_ERROR;
				CLANG_WARN_EMPTY_BODY = YES;
				CLANG_WARN_ENUM_CONVERSION = YES;
				CLANG_WARN_INT_CONVERSION = YES;
				CLANG_WARN_OBJC_ROOT_CLASS = YES_ERROR;
				CLANG_WARN_UNREACHABLE_CODE = YES;
				CLANG_WARN__DUPLICATE_METHOD_MATCH = YES;
				"CODE_SIGN_IDENTITY[sdk=iphoneos*]" = "iPhone Developer";
				COPY_PHASE_STRIP = NO;
				ENABLE_NS_ASSERTIONS = NO;
				ENABLE_STRICT_OBJC_MSGSEND = YES;
				GCC_C_LANGUAGE_STANDARD = gnu99;
				GCC_WARN_64_TO_32_BIT_CONVERSION = YES;
				GCC_WARN_ABOUT_RETURN_TYPE = YES_ERROR;
				GCC_WARN_UNDECLARED_SELECTOR = YES;
				GCC_WARN_UNINITIALIZED_AUTOS = YES_AGGRESSIVE;
				GCC_WARN_UNUSED_FUNCTION = YES;
				GCC_WARN_UNUSED_VARIABLE = YES;
				IPHONEOS_DEPLOYMENT_TARGET = 8.2;
				MTL_ENABLE_DEBUG_INFO = NO;
				SDKROOT = iphoneos;
				VALIDATE_PRODUCT = YES;
			};
			name = Release;
		};
		AFA81C2A1ADAA5540010F151 /* Debug */ = {
			isa = XCBuildConfiguration;
			buildSettings = {
				ASSETCATALOG_COMPILER_APPICON_NAME = AppIcon;
				INFOPLIST_FILE = SBTimer/Info.plist;
				LD_RUNPATH_SEARCH_PATHS = "$(inherited) @executable_path/Frameworks";
				PRODUCT_NAME = "$(TARGET_NAME)";
			};
			name = Debug;
		};
		AFA81C2B1ADAA5540010F151 /* Release */ = {
			isa = XCBuildConfiguration;
			buildSettings = {
				ASSETCATALOG_COMPILER_APPICON_NAME = AppIcon;
				INFOPLIST_FILE = SBTimer/Info.plist;
				LD_RUNPATH_SEARCH_PATHS = "$(inherited) @executable_path/Frameworks";
				PRODUCT_NAME = "$(TARGET_NAME)";
			};
			name = Release;
		};
		AFA81C2D1ADAA5540010F151 /* Debug */ = {
			isa = XCBuildConfiguration;
			buildSettings = {
				BUNDLE_LOADER = "$(TEST_HOST)";
				FRAMEWORK_SEARCH_PATHS = (
					"$(SDKROOT)/Developer/Library/Frameworks",
					"$(inherited)",
				);
				GCC_PREPROCESSOR_DEFINITIONS = (
					"DEBUG=1",
					"$(inherited)",
				);
				INFOPLIST_FILE = SBTimerTests/Info.plist;
				LD_RUNPATH_SEARCH_PATHS = "$(inherited) @executable_path/Frameworks @loader_path/Frameworks";
				PRODUCT_NAME = "$(TARGET_NAME)";
				TEST_HOST = "$(BUILT_PRODUCTS_DIR)/SBTimer.app/SBTimer";
			};
			name = Debug;
		};
		AFA81C2E1ADAA5540010F151 /* Release */ = {
			isa = XCBuildConfiguration;
			buildSettings = {
				BUNDLE_LOADER = "$(TEST_HOST)";
				FRAMEWORK_SEARCH_PATHS = (
					"$(SDKROOT)/Developer/Library/Frameworks",
					"$(inherited)",
				);
				INFOPLIST_FILE = SBTimerTests/Info.plist;
				LD_RUNPATH_SEARCH_PATHS = "$(inherited) @executable_path/Frameworks @loader_path/Frameworks";
				PRODUCT_NAME = "$(TARGET_NAME)";
				TEST_HOST = "$(BUILT_PRODUCTS_DIR)/SBTimer.app/SBTimer";
			};
			name = Release;
		};
/* End XCBuildConfiguration section */

/* Begin XCConfigurationList section */
		AFA81C011ADAA5530010F151 /* Build configuration list for PBXProject "SBTimer" */ = {
			isa = XCConfigurationList;
			buildConfigurations = (
				AFA81C271ADAA5540010F151 /* Debug */,
				AFA81C281ADAA5540010F151 /* Release */,
			);
			defaultConfigurationIsVisible = 0;
			defaultConfigurationName = Release;
		};
		AFA81C291ADAA5540010F151 /* Build configuration list for PBXNativeTarget "SBTimer" */ = {
			isa = XCConfigurationList;
			buildConfigurations = (
				AFA81C2A1ADAA5540010F151 /* Debug */,
				AFA81C2B1ADAA5540010F151 /* Release */,
			);
			defaultConfigurationIsVisible = 0;
		};
		AFA81C2C1ADAA5540010F151 /* Build configuration list for PBXNativeTarget "SBTimerTests" */ = {
			isa = XCConfigurationList;
			buildConfigurations = (
				AFA81C2D1ADAA5540010F151 /* Debug */,
				AFA81C2E1ADAA5540010F151 /* Release */,
			);
			defaultConfigurationIsVisible = 0;
		};
/* End XCConfigurationList section */
	};
	rootObject = AFA81BFE1ADAA5530010F151 /* Project object */;
}
